
Microsoft Visual Studio Solution File, Format Version 12.00
# Visual Studio Version 17
VisualStudioVersion = 17.5.33516.290
MinimumVisualStudioVersion = 10.0.40219.1
Project("{FAE04EC0-301F-11D3-BF4B-00C04F79EFBC}") = "Demo_WindowsService", "Demo_WindowsService\Demo_WindowsService.csproj", "{4A61F53D-E93D-4E14-8E9C-6564DBD83FC1}"
EndProject
Global
	GlobalSection(SolutionConfigurationPlatforms) = preSolution
		Debug|Any CPU = Debug|Any CPU
		Release|Any CPU = Release|Any CPU
	EndGlobalSection
	GlobalSection(ProjectConfigurationPlatforms) = postSolution
		{4A61F53D-E93D-4E14-8E9C-6564DBD83FC1}.Debug|Any CPU.ActiveCfg = Debug|Any CPU
		{4A61F53D-E93D-4E14-8E9C-6564DBD83FC1}.Debug|Any CPU.Build.0 = Debug|Any CPU
		{4A61F53D-E93D-4E14-8E9C-6564DBD83FC1}.Release|Any CPU.ActiveCfg = Release|Any CPU
		{4A61F53D-E93D-4E14-8E9C-6564DBD83FC1}.Release|Any CPU.Build.0 = Release|Any CPU
	EndGlobalSection
	GlobalSection(SolutionProperties) = preSolution
		HideSolutionNode = FALSE
	EndGlobalSection
	GlobalSection(ExtensibilityGlobals) = postSolution
		SolutionGuid = {7732AC73-A15C-4FE9-9160-98C85D633331}
	EndGlobalSection
EndGlobal
